
Microsoft Visual Studio Solution File, Format Version 12.00
# Visual Studio Version 17
VisualStudioVersion = 17.4.33213.308
MinimumVisualStudioVersion = 10.0.40219.1
Project("{FAE04EC0-301F-11D3-BF4B-00C04F79EFBC}") = "ASPNetIdentityWorkshop", "ASPNetIdentityWorkshop.csproj", "{84433537-2C34-461F-AAFB-5897858E91B1}"
EndProject
Global
	GlobalSection(SolutionConfigurationPlatforms) = preSolution
		Debug|Any CPU = Debug|Any CPU
		Release|Any CPU = Release|Any CPU
	EndGlobalSection
	GlobalSection(ProjectConfigurationPlatforms) = postSolution
		{84433537-2C34-461F-AAFB-5897858E91B1}.Debug|Any CPU.ActiveCfg = Debug|Any CPU
		{84433537-2C34-461F-AAFB-5897858E91B1}.Debug|Any CPU.Build.0 = Debug|Any CPU
		{84433537-2C34-461F-AAFB-5897858E91B1}.Release|Any CPU.ActiveCfg = Release|Any CPU
		{84433537-2C34-461F-AAFB-5897858E91B1}.Release|Any CPU.Build.0 = Release|Any CPU
	EndGlobalSection
	GlobalSection(SolutionProperties) = preSolution
		HideSolutionNode = FALSE
	EndGlobalSection
	GlobalSection(ExtensibilityGlobals) = postSolution
		SolutionGuid = {54CD0FBA-3E4E-4A89-B8ED-4D935423AAFF}
	EndGlobalSection
EndGlobal
